// !$*UTF8*$!
{
	archiveVersion = 1;
	classes = {
	};
	objectVersion = 46;
	objects = {

/* Begin PBXBuildFile section */
		4548431F1BE447D6005E29B2 /* AppDelegate.swift in Sources */ = {isa = PBXBuildFile; fileRef = 4548431E1BE447D6005E29B2 /* AppDelegate.swift */; };
		454843211BE447D6005E29B2 /* ViewController.swift in Sources */ = {isa = PBXBuildFile; fileRef = 454843201BE447D6005E29B2 /* ViewController.swift */; };
		454843241BE447D6005E29B2 /* Main.storyboard in Resources */ = {isa = PBXBuildFile; fileRef = 454843221BE447D6005E29B2 /* Main.storyboard */; };
		454843261BE447D6005E29B2 /* Assets.xcassets in Resources */ = {isa = PBXBuildFile; fileRef = 454843251BE447D6005E29B2 /* Assets.xcassets */; };
		454843291BE447D6005E29B2 /* LaunchScreen.storyboard in Resources */ = {isa = PBXBuildFile; fileRef = 454843271BE447D6005E29B2 /* LaunchScreen.storyboard */; };
		454843341BE447D6005E29B2 /* Currency_ConverterTests.swift in Sources */ = {isa = PBXBuildFile; fileRef = 454843331BE447D6005E29B2 /* Currency_ConverterTests.swift */; };
		4548433F1BE447D6005E29B2 /* Currency_ConverterUITests.swift in Sources */ = {isa = PBXBuildFile; fileRef = 4548433E1BE447D6005E29B2 /* Currency_ConverterUITests.swift */; };
		4548434D1BE44B01005E29B2 /* CONSTANTS.swift in Sources */ = {isa = PBXBuildFile; fileRef = 4548434C1BE44B01005E29B2 /* CONSTANTS.swift */; settings = {ASSET_TAGS = (); }; };
		4548434F1BE44D5E005E29B2 /* CurrencyParser.swift in Sources */ = {isa = PBXBuildFile; fileRef = 4548434E1BE44D5E005E29B2 /* CurrencyParser.swift */; settings = {ASSET_TAGS = (); }; };
		454843571BE45418005E29B2 /* SwiftyJSON.swift in Sources */ = {isa = PBXBuildFile; fileRef = 454843561BE45418005E29B2 /* SwiftyJSON.swift */; settings = {ASSET_TAGS = (); }; };
		454843591BE45B35005E29B2 /* Utilities.swift in Sources */ = {isa = PBXBuildFile; fileRef = 454843581BE45B35005E29B2 /* Utilities.swift */; settings = {ASSET_TAGS = (); }; };
		457C1F091BE7D12E00C1BEB1 /* CurrancyPickerViewController.swift in Sources */ = {isa = PBXBuildFile; fileRef = 457C1F081BE7D12E00C1BEB1 /* CurrancyPickerViewController.swift */; settings = {ASSET_TAGS = (); }; };
		457C1F0B1BE7D27500C1BEB1 /* ScrollViewDelegate.swift in Sources */ = {isa = PBXBuildFile; fileRef = 457C1F0A1BE7D27500C1BEB1 /* ScrollViewDelegate.swift */; settings = {ASSET_TAGS = (); }; };
		4592AC361BE6CC4800FF835B /* ContentView.swift in Sources */ = {isa = PBXBuildFile; fileRef = 4592AC351BE6CC4800FF835B /* ContentView.swift */; settings = {ASSET_TAGS = (); }; };
/* End PBXBuildFile section */

/* Begin PBXContainerItemProxy section */
		454843301BE447D6005E29B2 /* PBXContainerItemProxy */ = {
			isa = PBXContainerItemProxy;
			containerPortal = 454843131BE447D6005E29B2 /* Project object */;
			proxyType = 1;
			remoteGlobalIDString = 4548431A1BE447D6005E29B2;
			remoteInfo = "Currency Converter";
		};
		4548433B1BE447D6005E29B2 /* PBXContainerItemProxy */ = {
			isa = PBXContainerItemProxy;
			containerPortal = 454843131BE447D6005E29B2 /* Project object */;
			proxyType = 1;
			remoteGlobalIDString = 4548431A1BE447D6005E29B2;
			remoteInfo = "Currency Converter";
		};
/* End PBXContainerItemProxy section */

/* Begin PBXFileReference section */
		4548431B1BE447D6005E29B2 /* Currency Converter.app */ = {isa = PBXFileReference; explicitFileType = wrapper.application; includeInIndex = 0; path = "Currency Converter.app"; sourceTree = BUILT_PRODUCTS_DIR; };
		4548431E1BE447D6005E29B2 /* AppDelegate.swift */ = {isa = PBXFileReference; lastKnownFileType = sourcecode.swift; path = AppDelegate.swift; sourceTree = "<group>"; };
		454843201BE447D6005E29B2 /* ViewController.swift */ = {isa = PBXFileReference; lastKnownFileType = sourcecode.swift; path = ViewController.swift; sourceTree = "<group>"; };
		454843231BE447D6005E29B2 /* Base */ = {isa = PBXFileReference; lastKnownFileType = file.storyboard; name = Base; path = Base.lproj/Main.storyboard; sourceTree = "<group>"; };
		454843251BE447D6005E29B2 /* Assets.xcassets */ = {isa = PBXFileReference; lastKnownFileType = folder.assetcatalog; path = Assets.xcassets; sourceTree = "<group>"; };
		454843281BE447D6005E29B2 /* Base */ = {isa = PBXFileReference; lastKnownFileType = file.storyboard; name = Base; path = Base.lproj/LaunchScreen.storyboard; sourceTree = "<group>"; };
		4548432A1BE447D6005E29B2 /* Info.plist */ = {isa = PBXFileReference; lastKnownFileType = text.plist.xml; path = Info.plist; sourceTree = "<group>"; };
		4548432F1BE447D6005E29B2 /* Currency ConverterTests.xctest */ = {isa = PBXFileReference; explicitFileType = wrapper.cfbundle; includeInIndex = 0; path = "Currency ConverterTests.xctest"; sourceTree = BUILT_PRODUCTS_DIR; };
		454843331BE447D6005E29B2 /* Currency_ConverterTests.swift */ = {isa = PBXFileReference; lastKnownFileType = sourcecode.swift; path = Currency_ConverterTests.swift; sourceTree = "<group>"; };
		454843351BE447D6005E29B2 /* Info.plist */ = {isa = PBXFileReference; lastKnownFileType = text.plist.xml; path = Info.plist; sourceTree = "<group>"; };
		4548433A1BE447D6005E29B2 /* Currency ConverterUITests.xctest */ = {isa = PBXFileReference; explicitFileType = wrapper.cfbundle; includeInIndex = 0; path = "Currency ConverterUITests.xctest"; sourceTree = BUILT_PRODUCTS_DIR; };
		4548433E1BE447D6005E29B2 /* Currency_ConverterUITests.swift */ = {isa = PBXFileReference; lastKnownFileType = sourcecode.swift; path = Currency_ConverterUITests.swift; sourceTree = "<group>"; };
		454843401BE447D6005E29B2 /* Info.plist */ = {isa = PBXFileReference; lastKnownFileType = text.plist.xml; path = Info.plist; sourceTree = "<group>"; };
		4548434C1BE44B01005E29B2 /* CONSTANTS.swift */ = {isa = PBXFileReference; fileEncoding = 4; lastKnownFileType = sourcecode.swift; path = CONSTANTS.swift; sourceTree = "<group>"; };
		4548434E1BE44D5E005E29B2 /* CurrencyParser.swift */ = {isa = PBXFileReference; fileEncoding = 4; lastKnownFileType = sourcecode.swift; path = CurrencyParser.swift; sourceTree = "<group>"; };
		454843561BE45418005E29B2 /* SwiftyJSON.swift */ = {isa = PBXFileReference; fileEncoding = 4; lastKnownFileType = sourcecode.swift; path = SwiftyJSON.swift; sourceTree = "<group>"; };
		454843581BE45B35005E29B2 /* Utilities.swift */ = {isa = PBXFileReference; fileEncoding = 4; lastKnownFileType = sourcecode.swift; path = Utilities.swift; sourceTree = "<group>"; };
		4548436F1BE50E19005E29B2 /* Currency Converter-Bridging-Header.h */ = {isa = PBXFileReference; lastKnownFileType = sourcecode.c.h; path = "Currency Converter-Bridging-Header.h"; sourceTree = "<group>"; };
		457C1F081BE7D12E00C1BEB1 /* CurrancyPickerViewController.swift */ = {isa = PBXFileReference; fileEncoding = 4; lastKnownFileType = sourcecode.swift; path = CurrancyPickerViewController.swift; sourceTree = "<group>"; };
		457C1F0A1BE7D27500C1BEB1 /* ScrollViewDelegate.swift */ = {isa = PBXFileReference; fileEncoding = 4; lastKnownFileType = sourcecode.swift; path = ScrollViewDelegate.swift; sourceTree = "<group>"; };
		4592AC351BE6CC4800FF835B /* ContentView.swift */ = {isa = PBXFileReference; fileEncoding = 4; lastKnownFileType = sourcecode.swift; path = ContentView.swift; sourceTree = "<group>"; };
/* End PBXFileReference section */

/* Begin PBXFrameworksBuildPhase section */
		454843181BE447D6005E29B2 /* Frameworks */ = {
			isa = PBXFrameworksBuildPhase;
			buildActionMask = 2147483647;
			files = (
			);
			runOnlyForDeploymentPostprocessing = 0;
		};
		4548432C1BE447D6005E29B2 /* Frameworks */ = {
			isa = PBXFrameworksBuildPhase;
			buildActionMask = 2147483647;
			files = (
			);
			runOnlyForDeploymentPostprocessing = 0;
		};
		454843371BE447D6005E29B2 /* Frameworks */ = {
			isa = PBXFrameworksBuildPhase;
			buildActionMask = 2147483647;
			files = (
			);
			runOnlyForDeploymentPostprocessing = 0;
		};
/* End PBXFrameworksBuildPhase section */

/* Begin PBXGroup section */
		454843121BE447D6005E29B2 = {
			isa = PBXGroup;
			children = (
				4548431D1BE447D6005E29B2 /* Currency Converter */,
				454843321BE447D6005E29B2 /* Currency ConverterTests */,
				4548433D1BE447D6005E29B2 /* Currency ConverterUITests */,
				4548431C1BE447D6005E29B2 /* Products */,
			);
			sourceTree = "<group>";
		};
		4548431C1BE447D6005E29B2 /* Products */ = {
			isa = PBXGroup;
			children = (
				4548431B1BE447D6005E29B2 /* Currency Converter.app */,
				4548432F1BE447D6005E29B2 /* Currency ConverterTests.xctest */,
				4548433A1BE447D6005E29B2 /* Currency ConverterUITests.xctest */,
			);
			name = Products;
			sourceTree = "<group>";
		};
		4548431D1BE447D6005E29B2 /* Currency Converter */ = {
			isa = PBXGroup;
			children = (
				4548431E1BE447D6005E29B2 /* AppDelegate.swift */,
				4548435A1BE45B3B005E29B2 /* Utilities */,
				454843521BE45184005E29B2 /* Constants */,
				454843531BE4518A005E29B2 /* Connection Classes */,
				454843541BE451A4005E29B2 /* Screens */,
				454843221BE447D6005E29B2 /* Main.storyboard */,
				454843251BE447D6005E29B2 /* Assets.xcassets */,
				454843551BE451B9005E29B2 /* Others */,
			);
			path = "Currency Converter";
			sourceTree = "<group>";
		};
		454843321BE447D6005E29B2 /* Currency ConverterTests */ = {
			isa = PBXGroup;
			children = (
				454843331BE447D6005E29B2 /* Currency_ConverterTests.swift */,
				454843351BE447D6005E29B2 /* Info.plist */,
			);
			path = "Currency ConverterTests";
			sourceTree = "<group>";
		};
		4548433D1BE447D6005E29B2 /* Currency ConverterUITests */ = {
			isa = PBXGroup;
			children = (
				4548433E1BE447D6005E29B2 /* Currency_ConverterUITests.swift */,
				454843401BE447D6005E29B2 /* Info.plist */,
			);
			path = "Currency ConverterUITests";
			sourceTree = "<group>";
		};
		454843521BE45184005E29B2 /* Constants */ = {
			isa = PBXGroup;
			children = (
				4548434C1BE44B01005E29B2 /* CONSTANTS.swift */,
			);
			name = Constants;
			sourceTree = "<group>";
		};
		454843531BE4518A005E29B2 /* Connection Classes */ = {
			isa = PBXGroup;
			children = (
				454843561BE45418005E29B2 /* SwiftyJSON.swift */,
				4548434E1BE44D5E005E29B2 /* CurrencyParser.swift */,
			);
			name = "Connection Classes";
			sourceTree = "<group>";
		};
		454843541BE451A4005E29B2 /* Screens */ = {
			isa = PBXGroup;
			children = (
				457C1F0C1BE7D88500C1BEB1 /* Currancy Picker */,
				454843201BE447D6005E29B2 /* ViewController.swift */,
			);
			name = Screens;
			sourceTree = "<group>";
		};
		454843551BE451B9005E29B2 /* Others */ = {
			isa = PBXGroup;
			children = (
				454843271BE447D6005E29B2 /* LaunchScreen.storyboard */,
				4548432A1BE447D6005E29B2 /* Info.plist */,
				4548436F1BE50E19005E29B2 /* Currency Converter-Bridging-Header.h */,
			);
			name = Others;
			sourceTree = "<group>";
		};
		4548435A1BE45B3B005E29B2 /* Utilities */ = {
			isa = PBXGroup;
			children = (
				454843581BE45B35005E29B2 /* Utilities.swift */,
			);
			name = Utilities;
			sourceTree = "<group>";
		};
		457C1F0C1BE7D88500C1BEB1 /* Currancy Picker */ = {
			isa = PBXGroup;
			children = (
				4592AC351BE6CC4800FF835B /* ContentView.swift */,
				457C1F0A1BE7D27500C1BEB1 /* ScrollViewDelegate.swift */,
				457C1F081BE7D12E00C1BEB1 /* CurrancyPickerViewController.swift */,
			);
			name = "Currancy Picker";
			sourceTree = "<group>";
		};
/* End PBXGroup section */

/* Begin PBXNativeTarget section */
		4548431A1BE447D6005E29B2 /* Currency Converter */ = {
			isa = PBXNativeTarget;
			buildConfigurationList = 454843431BE447D6005E29B2 /* Build configuration list for PBXNativeTarget "Currency Converter" */;
			buildPhases = (
				454843171BE447D6005E29B2 /* Sources */,
				454843181BE447D6005E29B2 /* Frameworks */,
				454843191BE447D6005E29B2 /* Resources */,
			);
			buildRules = (
			);
			dependencies = (
			);
			name = "Currency Converter";
			productName = "Currency Converter";
			productReference = 4548431B1BE447D6005E29B2 /* Currency Converter.app */;
			productType = "com.apple.product-type.application";
		};
		4548432E1BE447D6005E29B2 /* Currency ConverterTests */ = {
			isa = PBXNativeTarget;
			buildConfigurationList = 454843461BE447D6005E29B2 /* Build configuration list for PBXNativeTarget "Currency ConverterTests" */;
			buildPhases = (
				4548432B1BE447D6005E29B2 /* Sources */,
				4548432C1BE447D6005E29B2 /* Frameworks */,
				4548432D1BE447D6005E29B2 /* Resources */,
			);
			buildRules = (
			);
			dependencies = (
				454843311BE447D6005E29B2 /* PBXTargetDependency */,
			);
			name = "Currency ConverterTests";
			productName = "Currency ConverterTests";
			productReference = 4548432F1BE447D6005E29B2 /* Currency ConverterTests.xctest */;
			productType = "com.apple.product-type.bundle.unit-test";
		};
		454843391BE447D6005E29B2 /* Currency ConverterUITests */ = {
			isa = PBXNativeTarget;
			buildConfigurationList = 454843491BE447D6005E29B2 /* Build configuration list for PBXNativeTarget "Currency ConverterUITests" */;
			buildPhases = (
				454843361BE447D6005E29B2 /* Sources */,
				454843371BE447D6005E29B2 /* Frameworks */,
				454843381BE447D6005E29B2 /* Resources */,
			);
			buildRules = (
			);
			dependencies = (
				4548433C1BE447D6005E29B2 /* PBXTargetDependency */,
			);
			name = "Currency ConverterUITests";
			productName = "Currency ConverterUITests";
			productReference = 4548433A1BE447D6005E29B2 /* Currency ConverterUITests.xctest */;
			productType = "com.apple.product-type.bundle.ui-testing";
		};
/* End PBXNativeTarget section */

/* Begin PBXProject section */
		454843131BE447D6005E29B2 /* Project object */ = {
			isa = PBXProject;
			attributes = {
				LastSwiftUpdateCheck = 0700;
				LastUpgradeCheck = 0700;
				ORGANIZATIONNAME = "Mohamed Alsadek";
				TargetAttributes = {
					4548431A1BE447D6005E29B2 = {
						CreatedOnToolsVersion = 7.0;
					};
					4548432E1BE447D6005E29B2 = {
						CreatedOnToolsVersion = 7.0;
						TestTargetID = 4548431A1BE447D6005E29B2;
					};
					454843391BE447D6005E29B2 = {
						CreatedOnToolsVersion = 7.0;
						TestTargetID = 4548431A1BE447D6005E29B2;
					};
				};
			};
			buildConfigurationList = 454843161BE447D6005E29B2 /* Build configuration list for PBXProject "Currency Converter" */;
			compatibilityVersion = "Xcode 3.2";
			developmentRegion = English;
			hasScannedForEncodings = 0;
			knownRegions = (
				en,
				Base,
			);
			mainGroup = 454843121BE447D6005E29B2;
			productRefGroup = 4548431C1BE447D6005E29B2 /* Products */;
			projectDirPath = "";
			projectRoot = "";
			targets = (
				4548431A1BE447D6005E29B2 /* Currency Converter */,
				4548432E1BE447D6005E29B2 /* Currency ConverterTests */,
				454843391BE447D6005E29B2 /* Currency ConverterUITests */,
			);
		};
/* End PBXProject section */

/* Begin PBXResourcesBuildPhase section */
		454843191BE447D6005E29B2 /* Resources */ = {
			isa = PBXResourcesBuildPhase;
			buildActionMask = 2147483647;
			files = (
				454843291BE447D6005E29B2 /* LaunchScreen.storyboard in Resources */,
				454843261BE447D6005E29B2 /* Assets.xcassets in Resources */,
				454843241BE447D6005E29B2 /* Main.storyboard in Resources */,
			);
			runOnlyForDeploymentPostprocessing = 0;
		};
		4548432D1BE447D6005E29B2 /* Resources */ = {
			isa = PBXResourcesBuildPhase;
			buildActionMask = 2147483647;
			files = (
			);
			runOnlyForDeploymentPostprocessing = 0;
		};
		454843381BE447D6005E29B2 /* Resources */ = {
			isa = PBXResourcesBuildPhase;
			buildActionMask = 2147483647;
			files = (
			);
			runOnlyForDeploymentPostprocessing = 0;
		};
/* End PBXResourcesBuildPhase section */

/* Begin PBXSourcesBuildPhase section */
		454843171BE447D6005E29B2 /* Sources */ = {
			isa = PBXSourcesBuildPhase;
			buildActionMask = 2147483647;
			files = (
				454843591BE45B35005E29B2 /* Utilities.swift in Sources */,
				454843211BE447D6005E29B2 /* ViewController.swift in Sources */,
				4548434D1BE44B01005E29B2 /* CONSTANTS.swift in Sources */,
				457C1F0B1BE7D27500C1BEB1 /* ScrollViewDelegate.swift in Sources */,
				4592AC361BE6CC4800FF835B /* ContentView.swift in Sources */,
				4548431F1BE447D6005E29B2 /* AppDelegate.swift in Sources */,
				457C1F091BE7D12E00C1BEB1 /* CurrancyPickerViewController.swift in Sources */,
				454843571BE45418005E29B2 /* SwiftyJSON.swift in Sources */,
				4548434F1BE44D5E005E29B2 /* CurrencyParser.swift in Sources */,
			);
			runOnlyForDeploymentPostprocessing = 0;
		};
		4548432B1BE447D6005E29B2 /* Sources */ = {
			isa = PBXSourcesBuildPhase;
			buildActionMask = 2147483647;
			files = (
				454843341BE447D6005E29B2 /* Currency_ConverterTests.swift in Sources */,
			);
			runOnlyForDeploymentPostprocessing = 0;
		};
		454843361BE447D6005E29B2 /* Sources */ = {
			isa = PBXSourcesBuildPhase;
			buildActionMask = 2147483647;
			files = (
				4548433F1BE447D6005E29B2 /* Currency_ConverterUITests.swift in Sources */,
			);
			runOnlyForDeploymentPostprocessing = 0;
		};
/* End PBXSourcesBuildPhase section */

/* Begin PBXTargetDependency section */
		454843311BE447D6005E29B2 /* PBXTargetDependency */ = {
			isa = PBXTargetDependency;
			target = 4548431A1BE447D6005E29B2 /* Currency Converter */;
			targetProxy = 454843301BE447D6005E29B2 /* PBXContainerItemProxy */;
		};
		4548433C1BE447D6005E29B2 /* PBXTargetDependency */ = {
			isa = PBXTargetDependency;
			target = 4548431A1BE447D6005E29B2 /* Currency Converter */;
			targetProxy = 4548433B1BE447D6005E29B2 /* PBXContainerItemProxy */;
		};
/* End PBXTargetDependency section */

/* Begin PBXVariantGroup section */
		454843221BE447D6005E29B2 /* Main.storyboard */ = {
			isa = PBXVariantGroup;
			children = (
				454843231BE447D6005E29B2 /* Base */,
			);
			name = Main.storyboard;
			sourceTree = "<group>";
		};
		454843271BE447D6005E29B2 /* LaunchScreen.storyboard */ = {
			isa = PBXVariantGroup;
			children = (
				454843281BE447D6005E29B2 /* Base */,
			);
			name = LaunchScreen.storyboard;
			sourceTree = "<group>";
		};
/* End PBXVariantGroup section */

/* Begin XCBuildConfiguration section */
		454843411BE447D6005E29B2 /* Debug */ = {
			isa = XCBuildConfiguration;
			buildSettings = {
				ALWAYS_SEARCH_USER_PATHS = NO;
				CLANG_CXX_LANGUAGE_STANDARD = "gnu++0x";
				CLANG_CXX_LIBRARY = "libc++";
				CLANG_ENABLE_MODULES = YES;
				CLANG_ENABLE_OBJC_ARC = YES;
				CLANG_WARN_BOOL_CONVERSION = YES;
				CLANG_WARN_CONSTANT_CONVERSION = YES;
				CLANG_WARN_DIRECT_OBJC_ISA_USAGE = YES_ERROR;
				CLANG_WARN_EMPTY_BODY = YES;
				CLANG_WARN_ENUM_CONVERSION = YES;
				CLANG_WARN_INT_CONVERSION = YES;
				CLANG_WARN_OBJC_ROOT_CLASS = YES_ERROR;
				CLANG_WARN_UNREACHABLE_CODE = YES;
				CLANG_WARN__DUPLICATE_METHOD_MATCH = YES;
				"CODE_SIGN_IDENTITY[sdk=iphoneos*]" = "iPhone Developer";
				COPY_PHASE_STRIP = NO;
				DEBUG_INFORMATION_FORMAT = dwarf;
				ENABLE_STRICT_OBJC_MSGSEND = YES;
				ENABLE_TESTABILITY = YES;
				GCC_C_LANGUAGE_STANDARD = gnu99;
				GCC_DYNAMIC_NO_PIC = NO;
				GCC_NO_COMMON_BLOCKS = YES;
				GCC_OPTIMIZATION_LEVEL = 0;
				GCC_PREPROCESSOR_DEFINITIONS = (
					"DEBUG=1",
					"$(inherited)",
				);
				GCC_WARN_64_TO_32_BIT_CONVERSION = YES;
				GCC_WARN_ABOUT_RETURN_TYPE = YES_ERROR;
				GCC_WARN_UNDECLARED_SELECTOR = YES;
				GCC_WARN_UNINITIALIZED_AUTOS = YES_AGGRESSIVE;
				GCC_WARN_UNUSED_FUNCTION = YES;
				GCC_WARN_UNUSED_VARIABLE = YES;
				IPHONEOS_DEPLOYMENT_TARGET = 9.0;
				MTL_ENABLE_DEBUG_INFO = YES;
				ONLY_ACTIVE_ARCH = YES;
				SDKROOT = iphoneos;
				SWIFT_OPTIMIZATION_LEVEL = "-Onone";
			};
			name = Debug;
		};
		454843421BE447D6005E29B2 /* Release */ = {
			isa = XCBuildConfiguration;
			buildSettings = {
				ALWAYS_SEARCH_USER_PATHS = NO;
				CLANG_CXX_LANGUAGE_STANDARD = "gnu++0x";
				CLANG_CXX_LIBRARY = "libc++";
				CLANG_ENABLE_MODULES = YES;
				CLANG_ENABLE_OBJC_ARC = YES;
				CLANG_WARN_BOOL_CONVERSION = YES;
				CLANG_WARN_CONSTANT_CONVERSION = YES;
				CLANG_WARN_DIRECT_OBJC_ISA_USAGE = YES_ERROR;
				CLANG_WARN_EMPTY_BODY = YES;
				CLANG_WARN_ENUM_CONVERSION = YES;
				CLANG_WARN_INT_CONVERSION = YES;
				CLANG_WARN_OBJC_ROOT_CLASS = YES_ERROR;
				CLANG_WARN_UNREACHABLE_CODE = YES;
				CLANG_WARN__DUPLICATE_METHOD_MATCH = YES;
				"CODE_SIGN_IDENTITY[sdk=iphoneos*]" = "iPhone Developer";
				COPY_PHASE_STRIP = NO;
				DEBUG_INFORMATION_FORMAT = "dwarf-with-dsym";
				ENABLE_NS_ASSERTIONS = NO;
				ENABLE_STRICT_OBJC_MSGSEND = YES;
				GCC_C_LANGUAGE_STANDARD = gnu99;
				GCC_NO_COMMON_BLOCKS = YES;
				GCC_WARN_64_TO_32_BIT_CONVERSION = YES;
				GCC_WARN_ABOUT_RETURN_TYPE = YES_ERROR;
				GCC_WARN_UNDECLARED_SELECTOR = YES;
				GCC_WARN_UNINITIALIZED_AUTOS = YES_AGGRESSIVE;
				GCC_WARN_UNUSED_FUNCTION = YES;
				GCC_WARN_UNUSED_VARIABLE = YES;
				IPHONEOS_DEPLOYMENT_TARGET = 9.0;
				MTL_ENABLE_DEBUG_INFO = NO;
				SDKROOT = iphoneos;
				VALIDATE_PRODUCT = YES;
			};
			name = Release;
		};
		454843441BE447D6005E29B2 /* Debug */ = {
			isa = XCBuildConfiguration;
			buildSettings = {
				ASSETCATALOG_COMPILER_APPICON_NAME = AppIcon;
				CLANG_ENABLE_MODULES = YES;
				INFOPLIST_FILE = "Currency Converter/Info.plist";
				LD_RUNPATH_SEARCH_PATHS = "$(inherited) @executable_path/Frameworks";
				PRODUCT_BUNDLE_IDENTIFIER = "com.linkdev.Currency-Converter";
				PRODUCT_NAME = "$(TARGET_NAME)";
				SWIFT_OBJC_BRIDGING_HEADER = "Currency Converter/Currency Converter-Bridging-Header.h";
				SWIFT_OPTIMIZATION_LEVEL = "-Onone";
				TARGETED_DEVICE_FAMILY = "1,2";
			};
			name = Debug;
		};
		454843451BE447D6005E29B2 /* Release */ = {
			isa = XCBuildConfiguration;
			buildSettings = {
				ASSETCATALOG_COMPILER_APPICON_NAME = AppIcon;
				CLANG_ENABLE_MODULES = YES;
				INFOPLIST_FILE = "Currency Converter/Info.plist";
				LD_RUNPATH_SEARCH_PATHS = "$(inherited) @executable_path/Frameworks";
				PRODUCT_BUNDLE_IDENTIFIER = "com.linkdev.Currency-Converter";
				PRODUCT_NAME = "$(TARGET_NAME)";
				SWIFT_OBJC_BRIDGING_HEADER = "Currency Converter/Currency Converter-Bridging-Header.h";
				TARGETED_DEVICE_FAMILY = "1,2";
			};
			name = Release;
		};
		454843471BE447D6005E29B2 /* Debug */ = {
			isa = XCBuildConfiguration;
			buildSettings = {
				BUNDLE_LOADER = "$(TEST_HOST)";
				INFOPLIST_FILE = "Currency ConverterTests/Info.plist";
				LD_RUNPATH_SEARCH_PATHS = "$(inherited) @executable_path/Frameworks @loader_path/Frameworks";
				PRODUCT_BUNDLE_IDENTIFIER = "com.linkdev.Currency-ConverterTests";
				PRODUCT_NAME = "$(TARGET_NAME)";
				TEST_HOST = "$(BUILT_PRODUCTS_DIR)/Currency Converter.app/Currency Converter";
			};
			name = Debug;
		};
		454843481BE447D6005E29B2 /* Release */ = {
			isa = XCBuildConfiguration;
			buildSettings = {
				BUNDLE_LOADER = "$(TEST_HOST)";
				INFOPLIST_FILE = "Currency ConverterTests/Info.plist";
				LD_RUNPATH_SEARCH_PATHS = "$(inherited) @executable_path/Frameworks @loader_path/Frameworks";
				PRODUCT_BUNDLE_IDENTIFIER = "com.linkdev.Currency-ConverterTests";
				PRODUCT_NAME = "$(TARGET_NAME)";
				TEST_HOST = "$(BUILT_PRODUCTS_DIR)/Currency Converter.app/Currency Converter";
			};
			name = Release;
		};
		4548434A1BE447D6005E29B2 /* Debug */ = {
			isa = XCBuildConfiguration;
			buildSettings = {
				INFOPLIST_FILE = "Currency ConverterUITests/Info.plist";
				LD_RUNPATH_SEARCH_PATHS = "$(inherited) @executable_path/Frameworks @loader_path/Frameworks";
				PRODUCT_BUNDLE_IDENTIFIER = "com.linkdev.Currency-ConverterUITests";
				PRODUCT_NAME = "$(TARGET_NAME)";
				TEST_TARGET_NAME = "Currency Converter";
				USES_XCTRUNNER = YES;
			};
			name = Debug;
		};
		4548434B1BE447D6005E29B2 /* Release */ = {
			isa = XCBuildConfiguration;
			buildSettings = {
				INFOPLIST_FILE = "Currency ConverterUITests/Info.plist";
				LD_RUNPATH_SEARCH_PATHS = "$(inherited) @executable_path/Frameworks @loader_path/Frameworks";
				PRODUCT_BUNDLE_IDENTIFIER = "com.linkdev.Currency-ConverterUITests";
				PRODUCT_NAME = "$(TARGET_NAME)";
				TEST_TARGET_NAME = "Currency Converter";
				USES_XCTRUNNER = YES;
			};
			name = Release;
		};
/* End XCBuildConfiguration section */

/* Begin XCConfigurationList section */
		454843161BE447D6005E29B2 /* Build configuration list for PBXProject "Currency Converter" */ = {
			isa = XCConfigurationList;
			buildConfigurations = (
				454843411BE447D6005E29B2 /* Debug */,
				454843421BE447D6005E29B2 /* Release */,
			);
			defaultConfigurationIsVisible = 0;
			defaultConfigurationName = Release;
		};
		454843431BE447D6005E29B2 /* Build configuration list for PBXNativeTarget "Currency Converter" */ = {
			isa = XCConfigurationList;
			buildConfigurations = (
				454843441BE447D6005E29B2 /* Debug */,
				454843451BE447D6005E29B2 /* Release */,
			);
			defaultConfigurationIsVisible = 0;
			defaultConfigurationName = Release;
		};
		454843461BE447D6005E29B2 /* Build configuration list for PBXNativeTarget "Currency ConverterTests" */ = {
			isa = XCConfigurationList;
			buildConfigurations = (
				454843471BE447D6005E29B2 /* Debug */,
				454843481BE447D6005E29B2 /* Release */,
			);
			defaultConfigurationIsVisible = 0;
			defaultConfigurationName = Release;
		};
		454843491BE447D6005E29B2 /* Build configuration list for PBXNativeTarget "Currency ConverterUITests" */ = {
			isa = XCConfigurationList;
			buildConfigurations = (
				4548434A1BE447D6005E29B2 /* Debug */,
				4548434B1BE447D6005E29B2 /* Release */,
			);
			defaultConfigurationIsVisible = 0;
			defaultConfigurationName = Release;
		};
/* End XCConfigurationList section */
	};
	rootObject = 454843131BE447D6005E29B2 /* Project object */;
}
